
Microsoft Visual Studio Solution File, Format Version 12.00
# Visual Studio Version 16
VisualStudioVersion = 16.0.30114.105
MinimumVisualStudioVersion = 10.0.40219.1
Project("{FAE04EC0-301F-11D3-BF4B-00C04F79EFBC}") = "FormPrac", "FormPrac\FormPrac.csproj", "{30FF72C5-C74E-4662-82B9-889BC8A08DE6}"
EndProject
Global
	GlobalSection(SolutionConfigurationPlatforms) = preSolution
		Debug|Any CPU = Debug|Any CPU
		Release|Any CPU = Release|Any CPU
	EndGlobalSection
	GlobalSection(ProjectConfigurationPlatforms) = postSolution
		{30FF72C5-C74E-4662-82B9-889BC8A08DE6}.Debug|Any CPU.ActiveCfg = Debug|Any CPU
		{30FF72C5-C74E-4662-82B9-889BC8A08DE6}.Debug|Any CPU.Build.0 = Debug|Any CPU
		{30FF72C5-C74E-4662-82B9-889BC8A08DE6}.Release|Any CPU.ActiveCfg = Release|Any CPU
		{30FF72C5-C74E-4662-82B9-889BC8A08DE6}.Release|Any CPU.Build.0 = Release|Any CPU
	EndGlobalSection
	GlobalSection(SolutionProperties) = preSolution
		HideSolutionNode = FALSE
	EndGlobalSection
	GlobalSection(ExtensibilityGlobals) = postSolution
		SolutionGuid = {E4A0D651-9189-4AE8-8106-C17461EC26C1}
	EndGlobalSection
EndGlobal
